
Microsoft Visual Studio Solution File, Format Version 12.00
# Visual Studio Version 17
VisualStudioVersion = 17.0.31903.59
MinimumVisualStudioVersion = 10.0.40219.1
Project("{2150E333-8FDC-42A3-9474-1A3956D46DE8}") = "src", "src", "{827E0CD3-B72D-47B6-A68D-7590B98EB39B}"
EndProject
Project("{2150E333-8FDC-42A3-9474-1A3956D46DE8}") = "Services", "Services", "{984BB9B3-3FA3-BE33-9484-CAC21695A33C}"
EndProject
Project("{2150E333-8FDC-42A3-9474-1A3956D46DE8}") = "KnowledgeBase", "KnowledgeBase", "{662DAF13-F1A4-C136-4BE7-3FC052BC408B}"
EndProject
Project("{FAE04EC0-301F-11D3-BF4B-00C04F79EFBC}") = "KnowledgeBase.API", "src\Services\KnowledgeBase\KnowledgeBase.API\KnowledgeBase.API.csproj", "{4BCB4E27-D288-4231-BE71-E907A31FFA49}"
EndProject
Project("{FAE04EC0-301F-11D3-BF4B-00C04F79EFBC}") = "Practice.API", "src\Services\Practice\Practice.API\Practice.API.csproj", "{8A807A7C-8ABB-4B3B-B93E-66614BBB7826}"
EndProject
Project("{FAE04EC0-301F-11D3-BF4B-00C04F79EFBC}") = "Shared.Core", "src\Shared\Shared.Core\Shared.Core.csproj", "{11C434BE-681A-4EB3-801E-C9883C71713B}"
EndProject
Project("{FAE04EC0-301F-11D3-BF4B-00C04F79EFBC}") = "KnowledgeBase.Domain", "src\Services\KnowledgeBase\KnowledgeBase.Domain\KnowledgeBase.Domain.csproj", "{6797A846-A8E3-48DA-8ADD-0C83FC758D63}"
EndProject
Project("{FAE04EC0-301F-11D3-BF4B-00C04F79EFBC}") = "KnowledgeBase.Application", "src\Services\KnowledgeBase\KnowledgeBase.Application\KnowledgeBase.Application.csproj", "{60DF9EA1-FEFE-4320-A1FA-4C58AC0D5F67}"
EndProject
Project("{FAE04EC0-301F-11D3-BF4B-00C04F79EFBC}") = "KnowledgeBase.Infrastructure", "src\Services\KnowledgeBase\KnowledgeBase.Infrastructure\KnowledgeBase.Infrastructure.csproj", "{CA425FC3-12A8-42DF-A020-45C6667D55D1}"
EndProject
Project("{2150E333-8FDC-42A3-9474-1A3956D46DE8}") = "Practice", "Practice", "{EEAC3693-798A-A272-1F4F-16CA712D49DD}"
EndProject
Project("{2150E333-8FDC-42A3-9474-1A3956D46DE8}") = "Shared", "Shared", "{A5D9B2C1-7E3F-4B8A-9D6E-2C0F1A3E5B7D}"
EndProject
Project("{2150E333-8FDC-42A3-9474-1A3956D46DE8}") = "Review", "Review", "{B3C4D5E6-F7A8-9012-BCDE-F01234567890}"
EndProject
Project("{FAE04EC0-301F-11D3-BF4B-00C04F79EFBC}") = "Review.Domain", "src\Services\Review\Review.Domain\Review.Domain.csproj", "{C4D5E6F7-A8B9-0123-CDEF-012345678901}"
EndProject
Project("{FAE04EC0-301F-11D3-BF4B-00C04F79EFBC}") = "Review.Application", "src\Services\Review\Review.Application\Review.Application.csproj", "{D5E6F7A8-B9C0-1234-DEF0-123456789012}"
EndProject
Project("{FAE04EC0-301F-11D3-BF4B-00C04F79EFBC}") = "Review.Infrastructure", "src\Services\Review\Review.Infrastructure\Review.Infrastructure.csproj", "{E6F7A8B9-C0D1-2345-EF01-234567890123}"
EndProject
Project("{FAE04EC0-301F-11D3-BF4B-00C04F79EFBC}") = "Review.API", "src\Services\Review\Review.API\Review.API.csproj", "{F7A8B9C0-D1E2-3456-F012-345678901234}"
EndProject
Project("{FAE04EC0-301F-11D3-BF4B-00C04F79EFBC}") = "Practice.Domain", "src\Services\Practice\Practice.Domain\Practice.Domain.csproj", "{BE4CF779-AA94-4132-AE55-FA65AF8FEA51}"
EndProject
Project("{FAE04EC0-301F-11D3-BF4B-00C04F79EFBC}") = "Practice.Application", "src\Services\Practice\Practice.Application\Practice.Application.csproj", "{3AD24B5E-92E1-4731-9652-21C6210B13E9}"
EndProject
Project("{FAE04EC0-301F-11D3-BF4B-00C04F79EFBC}") = "Practice.Infrastructure", "src\Services\Practice\Practice.Infrastructure\Practice.Infrastructure.csproj", "{D443E33A-101F-4302-B1B5-B49379E03C0E}"
EndProject
Project("{2150E333-8FDC-42A3-9474-1A3956D46DE8}") = "Auth", "Auth", "{473EF3C4-73FA-6715-AA3C-7C7929374EED}"
EndProject
Project("{FAE04EC0-301F-11D3-BF4B-00C04F79EFBC}") = "Auth.Domain", "src\Services\Auth\Auth.Domain\Auth.Domain.csproj", "{D961DB09-EA27-454E-ADDD-CC2F00E7A50B}"
EndProject
Project("{FAE04EC0-301F-11D3-BF4B-00C04F79EFBC}") = "Auth.Application", "src\Services\Auth\Auth.Application\Auth.Application.csproj", "{152F83B6-F4A3-4CBD-9FE8-8E755C41E5D8}"
EndProject
Project("{FAE04EC0-301F-11D3-BF4B-00C04F79EFBC}") = "Auth.Infrastructure", "src\Services\Auth\Auth.Infrastructure\Auth.Infrastructure.csproj", "{A3BC324B-D15D-48D4-81B4-319CD750FE31}"
EndProject
Project("{FAE04EC0-301F-11D3-BF4B-00C04F79EFBC}") = "Auth.API", "src\Services\Auth\Auth.API\Auth.API.csproj", "{0AC448CD-4D61-48B5-A0E6-480BAB6EFA46}"
EndProject
Project("{2150E333-8FDC-42A3-9474-1A3956D46DE8}") = "Gateway", "Gateway", "{6306A8FB-679E-111F-6585-8F70E0EE6013}"
EndProject
Project("{FAE04EC0-301F-11D3-BF4B-00C04F79EFBC}") = "ApiGateway", "src\Gateway\ApiGateway\ApiGateway.csproj", "{A1CF5A1E-B7C1-432A-8FE7-D7A631835BE8}"
EndProject
Global
	GlobalSection(SolutionConfigurationPlatforms) = preSolution
		Debug|Any CPU = Debug|Any CPU
		Debug|x64 = Debug|x64
		Debug|x86 = Debug|x86
		Release|Any CPU = Release|Any CPU
		Release|x64 = Release|x64
		Release|x86 = Release|x86
	EndGlobalSection
	GlobalSection(ProjectConfigurationPlatforms) = postSolution
		{4BCB4E27-D288-4231-BE71-E907A31FFA49}.Debug|Any CPU.ActiveCfg = Debug|Any CPU
		{4BCB4E27-D288-4231-BE71-E907A31FFA49}.Debug|Any CPU.Build.0 = Debug|Any CPU
		{4BCB4E27-D288-4231-BE71-E907A31FFA49}.Debug|x64.ActiveCfg = Debug|Any CPU
		{4BCB4E27-D288-4231-BE71-E907A31FFA49}.Debug|x64.Build.0 = Debug|Any CPU
		{4BCB4E27-D288-4231-BE71-E907A31FFA49}.Debug|x86.ActiveCfg = Debug|Any CPU
		{4BCB4E27-D288-4231-BE71-E907A31FFA49}.Debug|x86.Build.0 = Debug|Any CPU
		{4BCB4E27-D288-4231-BE71-E907A31FFA49}.Release|Any CPU.ActiveCfg = Release|Any CPU
		{4BCB4E27-D288-4231-BE71-E907A31FFA49}.Release|Any CPU.Build.0 = Release|Any CPU
		{4BCB4E27-D288-4231-BE71-E907A31FFA49}.Release|x64.ActiveCfg = Release|Any CPU
		{4BCB4E27-D288-4231-BE71-E907A31FFA49}.Release|x64.Build.0 = Release|Any CPU
		{4BCB4E27-D288-4231-BE71-E907A31FFA49}.Release|x86.ActiveCfg = Release|Any CPU
		{4BCB4E27-D288-4231-BE71-E907A31FFA49}.Release|x86.Build.0 = Release|Any CPU
		{8A807A7C-8ABB-4B3B-B93E-66614BBB7826}.Debug|Any CPU.ActiveCfg = Debug|Any CPU
		{8A807A7C-8ABB-4B3B-B93E-66614BBB7826}.Debug|Any CPU.Build.0 = Debug|Any CPU
		{8A807A7C-8ABB-4B3B-B93E-66614BBB7826}.Debug|x64.ActiveCfg = Debug|Any CPU
		{8A807A7C-8ABB-4B3B-B93E-66614BBB7826}.Debug|x64.Build.0 = Debug|Any CPU
		{8A807A7C-8ABB-4B3B-B93E-66614BBB7826}.Debug|x86.ActiveCfg = Debug|Any CPU
		{8A807A7C-8ABB-4B3B-B93E-66614BBB7826}.Debug|x86.Build.0 = Debug|Any CPU
		{8A807A7C-8ABB-4B3B-B93E-66614BBB7826}.Release|Any CPU.ActiveCfg = Release|Any CPU
		{8A807A7C-8ABB-4B3B-B93E-66614BBB7826}.Release|Any CPU.Build.0 = Release|Any CPU
		{8A807A7C-8ABB-4B3B-B93E-66614BBB7826}.Release|x64.ActiveCfg = Release|Any CPU
		{8A807A7C-8ABB-4B3B-B93E-66614BBB7826}.Release|x64.Build.0 = Release|Any CPU
		{8A807A7C-8ABB-4B3B-B93E-66614BBB7826}.Release|x86.ActiveCfg = Release|Any CPU
		{8A807A7C-8ABB-4B3B-B93E-66614BBB7826}.Release|x86.Build.0 = Release|Any CPU
		{11C434BE-681A-4EB3-801E-C9883C71713B}.Debug|Any CPU.ActiveCfg = Debug|Any CPU
		{11C434BE-681A-4EB3-801E-C9883C71713B}.Debug|Any CPU.Build.0 = Debug|Any CPU
		{11C434BE-681A-4EB3-801E-C9883C71713B}.Debug|x64.ActiveCfg = Debug|Any CPU
		{11C434BE-681A-4EB3-801E-C9883C71713B}.Debug|x64.Build.0 = Debug|Any CPU
		{11C434BE-681A-4EB3-801E-C9883C71713B}.Debug|x86.ActiveCfg = Debug|Any CPU
		{11C434BE-681A-4EB3-801E-C9883C71713B}.Debug|x86.Build.0 = Debug|Any CPU
		{11C434BE-681A-4EB3-801E-C9883C71713B}.Release|Any CPU.ActiveCfg = Release|Any CPU
		{11C434BE-681A-4EB3-801E-C9883C71713B}.Release|Any CPU.Build.0 = Release|Any CPU
		{11C434BE-681A-4EB3-801E-C9883C71713B}.Release|x64.ActiveCfg = Release|Any CPU
		{11C434BE-681A-4EB3-801E-C9883C71713B}.Release|x64.Build.0 = Release|Any CPU
		{11C434BE-681A-4EB3-801E-C9883C71713B}.Release|x86.ActiveCfg = Release|Any CPU
		{11C434BE-681A-4EB3-801E-C9883C71713B}.Release|x86.Build.0 = Release|Any CPU
		{6797A846-A8E3-48DA-8ADD-0C83FC758D63}.Debug|Any CPU.ActiveCfg = Debug|Any CPU
		{6797A846-A8E3-48DA-8ADD-0C83FC758D63}.Debug|Any CPU.Build.0 = Debug|Any CPU
		{6797A846-A8E3-48DA-8ADD-0C83FC758D63}.Debug|x64.ActiveCfg = Debug|Any CPU
		{6797A846-A8E3-48DA-8ADD-0C83FC758D63}.Debug|x64.Build.0 = Debug|Any CPU
		{6797A846-A8E3-48DA-8ADD-0C83FC758D63}.Debug|x86.ActiveCfg = Debug|Any CPU
		{6797A846-A8E3-48DA-8ADD-0C83FC758D63}.Debug|x86.Build.0 = Debug|Any CPU
		{6797A846-A8E3-48DA-8ADD-0C83FC758D63}.Release|Any CPU.ActiveCfg = Release|Any CPU
		{6797A846-A8E3-48DA-8ADD-0C83FC758D63}.Release|Any CPU.Build.0 = Release|Any CPU
		{6797A846-A8E3-48DA-8ADD-0C83FC758D63}.Release|x64.ActiveCfg = Release|Any CPU
		{6797A846-A8E3-48DA-8ADD-0C83FC758D63}.Release|x64.Build.0 = Release|Any CPU
		{6797A846-A8E3-48DA-8ADD-0C83FC758D63}.Release|x86.ActiveCfg = Release|Any CPU
		{6797A846-A8E3-48DA-8ADD-0C83FC758D63}.Release|x86.Build.0 = Release|Any CPU
		{60DF9EA1-FEFE-4320-A1FA-4C58AC0D5F67}.Debug|Any CPU.ActiveCfg = Debug|Any CPU
		{60DF9EA1-FEFE-4320-A1FA-4C58AC0D5F67}.Debug|Any CPU.Build.0 = Debug|Any CPU
		{60DF9EA1-FEFE-4320-A1FA-4C58AC0D5F67}.Debug|x64.ActiveCfg = Debug|Any CPU
		{60DF9EA1-FEFE-4320-A1FA-4C58AC0D5F67}.Debug|x64.Build.0 = Debug|Any CPU
		{60DF9EA1-FEFE-4320-A1FA-4C58AC0D5F67}.Debug|x86.ActiveCfg = Debug|Any CPU
		{60DF9EA1-FEFE-4320-A1FA-4C58AC0D5F67}.Debug|x86.Build.0 = Debug|Any CPU
		{60DF9EA1-FEFE-4320-A1FA-4C58AC0D5F67}.Release|Any CPU.ActiveCfg = Release|Any CPU
		{60DF9EA1-FEFE-4320-A1FA-4C58AC0D5F67}.Release|Any CPU.Build.0 = Release|Any CPU
		{60DF9EA1-FEFE-4320-A1FA-4C58AC0D5F67}.Release|x64.ActiveCfg = Release|Any CPU
		{60DF9EA1-FEFE-4320-A1FA-4C58AC0D5F67}.Release|x64.Build.0 = Release|Any CPU
		{60DF9EA1-FEFE-4320-A1FA-4C58AC0D5F67}.Release|x86.ActiveCfg = Release|Any CPU
		{60DF9EA1-FEFE-4320-A1FA-4C58AC0D5F67}.Release|x86.Build.0 = Release|Any CPU
		{CA425FC3-12A8-42DF-A020-45C6667D55D1}.Debug|Any CPU.ActiveCfg = Debug|Any CPU
		{CA425FC3-12A8-42DF-A020-45C6667D55D1}.Debug|Any CPU.Build.0 = Debug|Any CPU
		{CA425FC3-12A8-42DF-A020-45C6667D55D1}.Debug|x64.ActiveCfg = Debug|Any CPU
		{CA425FC3-12A8-42DF-A020-45C6667D55D1}.Debug|x64.Build.0 = Debug|Any CPU
		{CA425FC3-12A8-42DF-A020-45C6667D55D1}.Debug|x86.ActiveCfg = Debug|Any CPU
		{CA425FC3-12A8-42DF-A020-45C6667D55D1}.Debug|x86.Build.0 = Debug|Any CPU
		{CA425FC3-12A8-42DF-A020-45C6667D55D1}.Release|Any CPU.ActiveCfg = Release|Any CPU
		{CA425FC3-12A8-42DF-A020-45C6667D55D1}.Release|Any CPU.Build.0 = Release|Any CPU
		{CA425FC3-12A8-42DF-A020-45C6667D55D1}.Release|x64.ActiveCfg = Release|Any CPU
		{CA425FC3-12A8-42DF-A020-45C6667D55D1}.Release|x64.Build.0 = Release|Any CPU
		{CA425FC3-12A8-42DF-A020-45C6667D55D1}.Release|x86.ActiveCfg = Release|Any CPU
		{CA425FC3-12A8-42DF-A020-45C6667D55D1}.Release|x86.Build.0 = Release|Any CPU
		{C4D5E6F7-A8B9-0123-CDEF-012345678901}.Debug|Any CPU.ActiveCfg = Debug|Any CPU
		{C4D5E6F7-A8B9-0123-CDEF-012345678901}.Debug|Any CPU.Build.0 = Debug|Any CPU
		{C4D5E6F7-A8B9-0123-CDEF-012345678901}.Debug|x64.ActiveCfg = Debug|Any CPU
		{C4D5E6F7-A8B9-0123-CDEF-012345678901}.Debug|x64.Build.0 = Debug|Any CPU
		{C4D5E6F7-A8B9-0123-CDEF-012345678901}.Debug|x86.ActiveCfg = Debug|Any CPU
		{C4D5E6F7-A8B9-0123-CDEF-012345678901}.Debug|x86.Build.0 = Debug|Any CPU
		{C4D5E6F7-A8B9-0123-CDEF-012345678901}.Release|Any CPU.ActiveCfg = Release|Any CPU
		{C4D5E6F7-A8B9-0123-CDEF-012345678901}.Release|Any CPU.Build.0 = Release|Any CPU
		{C4D5E6F7-A8B9-0123-CDEF-012345678901}.Release|x64.ActiveCfg = Release|Any CPU
		{C4D5E6F7-A8B9-0123-CDEF-012345678901}.Release|x64.Build.0 = Release|Any CPU
		{C4D5E6F7-A8B9-0123-CDEF-012345678901}.Release|x86.ActiveCfg = Release|Any CPU
		{C4D5E6F7-A8B9-0123-CDEF-012345678901}.Release|x86.Build.0 = Release|Any CPU
		{D5E6F7A8-B9C0-1234-DEF0-123456789012}.Debug|Any CPU.ActiveCfg = Debug|Any CPU
		{D5E6F7A8-B9C0-1234-DEF0-123456789012}.Debug|Any CPU.Build.0 = Debug|Any CPU
		{D5E6F7A8-B9C0-1234-DEF0-123456789012}.Debug|x64.ActiveCfg = Debug|Any CPU
		{D5E6F7A8-B9C0-1234-DEF0-123456789012}.Debug|x64.Build.0 = Debug|Any CPU
		{D5E6F7A8-B9C0-1234-DEF0-123456789012}.Debug|x86.ActiveCfg = Debug|Any CPU
		{D5E6F7A8-B9C0-1234-DEF0-123456789012}.Debug|x86.Build.0 = Debug|Any CPU
		{D5E6F7A8-B9C0-1234-DEF0-123456789012}.Release|Any CPU.ActiveCfg = Release|Any CPU
		{D5E6F7A8-B9C0-1234-DEF0-123456789012}.Release|Any CPU.Build.0 = Release|Any CPU
		{D5E6F7A8-B9C0-1234-DEF0-123456789012}.Release|x64.ActiveCfg = Release|Any CPU
		{D5E6F7A8-B9C0-1234-DEF0-123456789012}.Release|x64.Build.0 = Release|Any CPU
		{D5E6F7A8-B9C0-1234-DEF0-123456789012}.Release|x86.ActiveCfg = Release|Any CPU
		{D5E6F7A8-B9C0-1234-DEF0-123456789012}.Release|x86.Build.0 = Release|Any CPU
		{E6F7A8B9-C0D1-2345-EF01-234567890123}.Debug|Any CPU.ActiveCfg = Debug|Any CPU
		{E6F7A8B9-C0D1-2345-EF01-234567890123}.Debug|Any CPU.Build.0 = Debug|Any CPU
		{E6F7A8B9-C0D1-2345-EF01-234567890123}.Debug|x64.ActiveCfg = Debug|Any CPU
		{E6F7A8B9-C0D1-2345-EF01-234567890123}.Debug|x64.Build.0 = Debug|Any CPU
		{E6F7A8B9-C0D1-2345-EF01-234567890123}.Debug|x86.ActiveCfg = Debug|Any CPU
		{E6F7A8B9-C0D1-2345-EF01-234567890123}.Debug|x86.Build.0 = Debug|Any CPU
		{E6F7A8B9-C0D1-2345-EF01-234567890123}.Release|Any CPU.ActiveCfg = Release|Any CPU
		{E6F7A8B9-C0D1-2345-EF01-234567890123}.Release|Any CPU.Build.0 = Release|Any CPU
		{E6F7A8B9-C0D1-2345-EF01-234567890123}.Release|x64.ActiveCfg = Release|Any CPU
		{E6F7A8B9-C0D1-2345-EF01-234567890123}.Release|x64.Build.0 = Release|Any CPU
		{E6F7A8B9-C0D1-2345-EF01-234567890123}.Release|x86.ActiveCfg = Release|Any CPU
		{E6F7A8B9-C0D1-2345-EF01-234567890123}.Release|x86.Build.0 = Release|Any CPU
		{F7A8B9C0-D1E2-3456-F012-345678901234}.Debug|Any CPU.ActiveCfg = Debug|Any CPU
		{F7A8B9C0-D1E2-3456-F012-345678901234}.Debug|Any CPU.Build.0 = Debug|Any CPU
		{F7A8B9C0-D1E2-3456-F012-345678901234}.Debug|x64.ActiveCfg = Debug|Any CPU
		{F7A8B9C0-D1E2-3456-F012-345678901234}.Debug|x64.Build.0 = Debug|Any CPU
		{F7A8B9C0-D1E2-3456-F012-345678901234}.Debug|x86.ActiveCfg = Debug|Any CPU
		{F7A8B9C0-D1E2-3456-F012-345678901234}.Debug|x86.Build.0 = Debug|Any CPU
		{F7A8B9C0-D1E2-3456-F012-345678901234}.Release|Any CPU.ActiveCfg = Release|Any CPU
		{F7A8B9C0-D1E2-3456-F012-345678901234}.Release|Any CPU.Build.0 = Release|Any CPU
		{F7A8B9C0-D1E2-3456-F012-345678901234}.Release|x64.ActiveCfg = Release|Any CPU
		{F7A8B9C0-D1E2-3456-F012-345678901234}.Release|x64.Build.0 = Release|Any CPU
		{F7A8B9C0-D1E2-3456-F012-345678901234}.Release|x86.ActiveCfg = Release|Any CPU
		{F7A8B9C0-D1E2-3456-F012-345678901234}.Release|x86.Build.0 = Release|Any CPU
		{BE4CF779-AA94-4132-AE55-FA65AF8FEA51}.Debug|Any CPU.ActiveCfg = Debug|Any CPU
		{BE4CF779-AA94-4132-AE55-FA65AF8FEA51}.Debug|Any CPU.Build.0 = Debug|Any CPU
		{BE4CF779-AA94-4132-AE55-FA65AF8FEA51}.Debug|x64.ActiveCfg = Debug|Any CPU
		{BE4CF779-AA94-4132-AE55-FA65AF8FEA51}.Debug|x64.Build.0 = Debug|Any CPU
		{BE4CF779-AA94-4132-AE55-FA65AF8FEA51}.Debug|x86.ActiveCfg = Debug|Any CPU
		{BE4CF779-AA94-4132-AE55-FA65AF8FEA51}.Debug|x86.Build.0 = Debug|Any CPU
		{BE4CF779-AA94-4132-AE55-FA65AF8FEA51}.Release|Any CPU.ActiveCfg = Release|Any CPU
		{BE4CF779-AA94-4132-AE55-FA65AF8FEA51}.Release|Any CPU.Build.0 = Release|Any CPU
		{BE4CF779-AA94-4132-AE55-FA65AF8FEA51}.Release|x64.ActiveCfg = Release|Any CPU
		{BE4CF779-AA94-4132-AE55-FA65AF8FEA51}.Release|x64.Build.0 = Release|Any CPU
		{BE4CF779-AA94-4132-AE55-FA65AF8FEA51}.Release|x86.ActiveCfg = Release|Any CPU
		{BE4CF779-AA94-4132-AE55-FA65AF8FEA51}.Release|x86.Build.0 = Release|Any CPU
		{3AD24B5E-92E1-4731-9652-21C6210B13E9}.Debug|Any CPU.ActiveCfg = Debug|Any CPU
		{3AD24B5E-92E1-4731-9652-21C6210B13E9}.Debug|Any CPU.Build.0 = Debug|Any CPU
		{3AD24B5E-92E1-4731-9652-21C6210B13E9}.Debug|x64.ActiveCfg = Debug|Any CPU
		{3AD24B5E-92E1-4731-9652-21C6210B13E9}.Debug|x64.Build.0 = Debug|Any CPU
		{3AD24B5E-92E1-4731-9652-21C6210B13E9}.Debug|x86.ActiveCfg = Debug|Any CPU
		{3AD24B5E-92E1-4731-9652-21C6210B13E9}.Debug|x86.Build.0 = Debug|Any CPU
		{3AD24B5E-92E1-4731-9652-21C6210B13E9}.Release|Any CPU.ActiveCfg = Release|Any CPU
		{3AD24B5E-92E1-4731-9652-21C6210B13E9}.Release|Any CPU.Build.0 = Release|Any CPU
		{3AD24B5E-92E1-4731-9652-21C6210B13E9}.Release|x64.ActiveCfg = Release|Any CPU
		{3AD24B5E-92E1-4731-9652-21C6210B13E9}.Release|x64.Build.0 = Release|Any CPU
		{3AD24B5E-92E1-4731-9652-21C6210B13E9}.Release|x86.ActiveCfg = Release|Any CPU
		{3AD24B5E-92E1-4731-9652-21C6210B13E9}.Release|x86.Build.0 = Release|Any CPU
		{D443E33A-101F-4302-B1B5-B49379E03C0E}.Debug|Any CPU.ActiveCfg = Debug|Any CPU
		{D443E33A-101F-4302-B1B5-B49379E03C0E}.Debug|Any CPU.Build.0 = Debug|Any CPU
		{D443E33A-101F-4302-B1B5-B49379E03C0E}.Debug|x64.ActiveCfg = Debug|Any CPU
		{D443E33A-101F-4302-B1B5-B49379E03C0E}.Debug|x64.Build.0 = Debug|Any CPU
		{D443E33A-101F-4302-B1B5-B49379E03C0E}.Debug|x86.ActiveCfg = Debug|Any CPU
		{D443E33A-101F-4302-B1B5-B49379E03C0E}.Debug|x86.Build.0 = Debug|Any CPU
		{D443E33A-101F-4302-B1B5-B49379E03C0E}.Release|Any CPU.ActiveCfg = Release|Any CPU
		{D443E33A-101F-4302-B1B5-B49379E03C0E}.Release|Any CPU.Build.0 = Release|Any CPU
		{D443E33A-101F-4302-B1B5-B49379E03C0E}.Release|x64.ActiveCfg = Release|Any CPU
		{D443E33A-101F-4302-B1B5-B49379E03C0E}.Release|x64.Build.0 = Release|Any CPU
		{D443E33A-101F-4302-B1B5-B49379E03C0E}.Release|x86.ActiveCfg = Release|Any CPU
		{D443E33A-101F-4302-B1B5-B49379E03C0E}.Release|x86.Build.0 = Release|Any CPU
		{D961DB09-EA27-454E-ADDD-CC2F00E7A50B}.Debug|Any CPU.ActiveCfg = Debug|Any CPU
		{D961DB09-EA27-454E-ADDD-CC2F00E7A50B}.Debug|Any CPU.Build.0 = Debug|Any CPU
		{D961DB09-EA27-454E-ADDD-CC2F00E7A50B}.Debug|x64.ActiveCfg = Debug|Any CPU
		{D961DB09-EA27-454E-ADDD-CC2F00E7A50B}.Debug|x64.Build.0 = Debug|Any CPU
		{D961DB09-EA27-454E-ADDD-CC2F00E7A50B}.Debug|x86.ActiveCfg = Debug|Any CPU
		{D961DB09-EA27-454E-ADDD-CC2F00E7A50B}.Debug|x86.Build.0 = Debug|Any CPU
		{D961DB09-EA27-454E-ADDD-CC2F00E7A50B}.Release|Any CPU.ActiveCfg = Release|Any CPU
		{D961DB09-EA27-454E-ADDD-CC2F00E7A50B}.Release|Any CPU.Build.0 = Release|Any CPU
		{D961DB09-EA27-454E-ADDD-CC2F00E7A50B}.Release|x64.ActiveCfg = Release|Any CPU
		{D961DB09-EA27-454E-ADDD-CC2F00E7A50B}.Release|x64.Build.0 = Release|Any CPU
		{D961DB09-EA27-454E-ADDD-CC2F00E7A50B}.Release|x86.ActiveCfg = Release|Any CPU
		{D961DB09-EA27-454E-ADDD-CC2F00E7A50B}.Release|x86.Build.0 = Release|Any CPU
		{152F83B6-F4A3-4CBD-9FE8-8E755C41E5D8}.Debug|Any CPU.ActiveCfg = Debug|Any CPU
		{152F83B6-F4A3-4CBD-9FE8-8E755C41E5D8}.Debug|Any CPU.Build.0 = Debug|Any CPU
		{152F83B6-F4A3-4CBD-9FE8-8E755C41E5D8}.Debug|x64.ActiveCfg = Debug|Any CPU
		{152F83B6-F4A3-4CBD-9FE8-8E755C41E5D8}.Debug|x64.Build.0 = Debug|Any CPU
		{152F83B6-F4A3-4CBD-9FE8-8E755C41E5D8}.Debug|x86.ActiveCfg = Debug|Any CPU
		{152F83B6-F4A3-4CBD-9FE8-8E755C41E5D8}.Debug|x86.Build.0 = Debug|Any CPU
		{152F83B6-F4A3-4CBD-9FE8-8E755C41E5D8}.Release|Any CPU.ActiveCfg = Release|Any CPU
		{152F83B6-F4A3-4CBD-9FE8-8E755C41E5D8}.Release|Any CPU.Build.0 = Release|Any CPU
		{152F83B6-F4A3-4CBD-9FE8-8E755C41E5D8}.Release|x64.ActiveCfg = Release|Any CPU
		{152F83B6-F4A3-4CBD-9FE8-8E755C41E5D8}.Release|x64.Build.0 = Release|Any CPU
		{152F83B6-F4A3-4CBD-9FE8-8E755C41E5D8}.Release|x86.ActiveCfg = Release|Any CPU
		{152F83B6-F4A3-4CBD-9FE8-8E755C41E5D8}.Release|x86.Build.0 = Release|Any CPU
		{A3BC324B-D15D-48D4-81B4-319CD750FE31}.Debug|Any CPU.ActiveCfg = Debug|Any CPU
		{A3BC324B-D15D-48D4-81B4-319CD750FE31}.Debug|Any CPU.Build.0 = Debug|Any CPU
		{A3BC324B-D15D-48D4-81B4-319CD750FE31}.Debug|x64.ActiveCfg = Debug|Any CPU
		{A3BC324B-D15D-48D4-81B4-319CD750FE31}.Debug|x64.Build.0 = Debug|Any CPU
		{A3BC324B-D15D-48D4-81B4-319CD750FE31}.Debug|x86.ActiveCfg = Debug|Any CPU
		{A3BC324B-D15D-48D4-81B4-319CD750FE31}.Debug|x86.Build.0 = Debug|Any CPU
		{A3BC324B-D15D-48D4-81B4-319CD750FE31}.Release|Any CPU.ActiveCfg = Release|Any CPU
		{A3BC324B-D15D-48D4-81B4-319CD750FE31}.Release|Any CPU.Build.0 = Release|Any CPU
		{A3BC324B-D15D-48D4-81B4-319CD750FE31}.Release|x64.ActiveCfg = Release|Any CPU
		{A3BC324B-D15D-48D4-81B4-319CD750FE31}.Release|x64.Build.0 = Release|Any CPU
		{A3BC324B-D15D-48D4-81B4-319CD750FE31}.Release|x86.ActiveCfg = Release|Any CPU
		{A3BC324B-D15D-48D4-81B4-319CD750FE31}.Release|x86.Build.0 = Release|Any CPU
		{0AC448CD-4D61-48B5-A0E6-480BAB6EFA46}.Debug|Any CPU.ActiveCfg = Debug|Any CPU
		{0AC448CD-4D61-48B5-A0E6-480BAB6EFA46}.Debug|Any CPU.Build.0 = Debug|Any CPU
		{0AC448CD-4D61-48B5-A0E6-480BAB6EFA46}.Debug|x64.ActiveCfg = Debug|Any CPU
		{0AC448CD-4D61-48B5-A0E6-480BAB6EFA46}.Debug|x64.Build.0 = Debug|Any CPU
		{0AC448CD-4D61-48B5-A0E6-480BAB6EFA46}.Debug|x86.ActiveCfg = Debug|Any CPU
		{0AC448CD-4D61-48B5-A0E6-480BAB6EFA46}.Debug|x86.Build.0 = Debug|Any CPU
		{0AC448CD-4D61-48B5-A0E6-480BAB6EFA46}.Release|Any CPU.ActiveCfg = Release|Any CPU
		{0AC448CD-4D61-48B5-A0E6-480BAB6EFA46}.Release|Any CPU.Build.0 = Release|Any CPU
		{0AC448CD-4D61-48B5-A0E6-480BAB6EFA46}.Release|x64.ActiveCfg = Release|Any CPU
		{0AC448CD-4D61-48B5-A0E6-480BAB6EFA46}.Release|x64.Build.0 = Release|Any CPU
		{0AC448CD-4D61-48B5-A0E6-480BAB6EFA46}.Release|x86.ActiveCfg = Release|Any CPU
		{0AC448CD-4D61-48B5-A0E6-480BAB6EFA46}.Release|x86.Build.0 = Release|Any CPU
		{A1CF5A1E-B7C1-432A-8FE7-D7A631835BE8}.Debug|Any CPU.ActiveCfg = Debug|Any CPU
		{A1CF5A1E-B7C1-432A-8FE7-D7A631835BE8}.Debug|Any CPU.Build.0 = Debug|Any CPU
		{A1CF5A1E-B7C1-432A-8FE7-D7A631835BE8}.Debug|x64.ActiveCfg = Debug|Any CPU
		{A1CF5A1E-B7C1-432A-8FE7-D7A631835BE8}.Debug|x64.Build.0 = Debug|Any CPU
		{A1CF5A1E-B7C1-432A-8FE7-D7A631835BE8}.Debug|x86.ActiveCfg = Debug|Any CPU
		{A1CF5A1E-B7C1-432A-8FE7-D7A631835BE8}.Debug|x86.Build.0 = Debug|Any CPU
		{A1CF5A1E-B7C1-432A-8FE7-D7A631835BE8}.Release|Any CPU.ActiveCfg = Release|Any CPU
		{A1CF5A1E-B7C1-432A-8FE7-D7A631835BE8}.Release|Any CPU.Build.0 = Release|Any CPU
		{A1CF5A1E-B7C1-432A-8FE7-D7A631835BE8}.Release|x64.ActiveCfg = Release|Any CPU
		{A1CF5A1E-B7C1-432A-8FE7-D7A631835BE8}.Release|x64.Build.0 = Release|Any CPU
		{A1CF5A1E-B7C1-432A-8FE7-D7A631835BE8}.Release|x86.ActiveCfg = Release|Any CPU
		{A1CF5A1E-B7C1-432A-8FE7-D7A631835BE8}.Release|x86.Build.0 = Release|Any CPU
	EndGlobalSection
	GlobalSection(SolutionProperties) = preSolution
		HideSolutionNode = FALSE
	EndGlobalSection
	GlobalSection(NestedProjects) = preSolution
		{984BB9B3-3FA3-BE33-9484-CAC21695A33C} = {827E0CD3-B72D-47B6-A68D-7590B98EB39B}
		{662DAF13-F1A4-C136-4BE7-3FC052BC408B} = {984BB9B3-3FA3-BE33-9484-CAC21695A33C}
		{4BCB4E27-D288-4231-BE71-E907A31FFA49} = {662DAF13-F1A4-C136-4BE7-3FC052BC408B}
		{8A807A7C-8ABB-4B3B-B93E-66614BBB7826} = {EEAC3693-798A-A272-1F4F-16CA712D49DD}
		{11C434BE-681A-4EB3-801E-C9883C71713B} = {A5D9B2C1-7E3F-4B8A-9D6E-2C0F1A3E5B7D}
		{6797A846-A8E3-48DA-8ADD-0C83FC758D63} = {662DAF13-F1A4-C136-4BE7-3FC052BC408B}
		{60DF9EA1-FEFE-4320-A1FA-4C58AC0D5F67} = {662DAF13-F1A4-C136-4BE7-3FC052BC408B}
		{CA425FC3-12A8-42DF-A020-45C6667D55D1} = {662DAF13-F1A4-C136-4BE7-3FC052BC408B}
		{EEAC3693-798A-A272-1F4F-16CA712D49DD} = {984BB9B3-3FA3-BE33-9484-CAC21695A33C}
		{A5D9B2C1-7E3F-4B8A-9D6E-2C0F1A3E5B7D} = {827E0CD3-B72D-47B6-A68D-7590B98EB39B}
		{B3C4D5E6-F7A8-9012-BCDE-F01234567890} = {984BB9B3-3FA3-BE33-9484-CAC21695A33C}
		{C4D5E6F7-A8B9-0123-CDEF-012345678901} = {B3C4D5E6-F7A8-9012-BCDE-F01234567890}
		{D5E6F7A8-B9C0-1234-DEF0-123456789012} = {B3C4D5E6-F7A8-9012-BCDE-F01234567890}
		{E6F7A8B9-C0D1-2345-EF01-234567890123} = {B3C4D5E6-F7A8-9012-BCDE-F01234567890}
		{F7A8B9C0-D1E2-3456-F012-345678901234} = {B3C4D5E6-F7A8-9012-BCDE-F01234567890}
		{BE4CF779-AA94-4132-AE55-FA65AF8FEA51} = {EEAC3693-798A-A272-1F4F-16CA712D49DD}
		{3AD24B5E-92E1-4731-9652-21C6210B13E9} = {EEAC3693-798A-A272-1F4F-16CA712D49DD}
		{D443E33A-101F-4302-B1B5-B49379E03C0E} = {EEAC3693-798A-A272-1F4F-16CA712D49DD}
		{473EF3C4-73FA-6715-AA3C-7C7929374EED} = {984BB9B3-3FA3-BE33-9484-CAC21695A33C}
		{D961DB09-EA27-454E-ADDD-CC2F00E7A50B} = {473EF3C4-73FA-6715-AA3C-7C7929374EED}
		{152F83B6-F4A3-4CBD-9FE8-8E755C41E5D8} = {473EF3C4-73FA-6715-AA3C-7C7929374EED}
		{A3BC324B-D15D-48D4-81B4-319CD750FE31} = {473EF3C4-73FA-6715-AA3C-7C7929374EED}
		{0AC448CD-4D61-48B5-A0E6-480BAB6EFA46} = {473EF3C4-73FA-6715-AA3C-7C7929374EED}
		{6306A8FB-679E-111F-6585-8F70E0EE6013} = {827E0CD3-B72D-47B6-A68D-7590B98EB39B}
		{A1CF5A1E-B7C1-432A-8FE7-D7A631835BE8} = {6306A8FB-679E-111F-6585-8F70E0EE6013}
	EndGlobalSection
	GlobalSection(ExtensibilityGlobals) = postSolution
		SolutionGuid = {1A1EAD13-C7E3-4337-B786-EEAF10977121}
	EndGlobalSection
EndGlobal
